# THIS IS AN AUTOGENERATED FILE. DO NOT EDIT THIS FILE DIRECTLY.
# yarn lockfile v1


is-any-array@^0.0.3:
  version "0.0.3"
  resolved "https://registry.yarnpkg.com/is-any-array/-/is-any-array-0.0.3.tgz#cbdd8c7189d47b53b050969245f4ef7e55550b9b"
  integrity sha512-Lr5SRykZv6uuYMZURz7+YpigT1ziTBHOTgFJ1zK7gL+9Wbet5Ha1ws6S84Jo/lH4zep02b95sk6o4+MTk97mPQ==

ml-array-max@^1.1.2:
  version "1.1.2"
  resolved "https://registry.yarnpkg.com/ml-array-max/-/ml-array-max-1.1.2.tgz#ac14a4954ebdb9f401774cc1572fce439e12f94d"
  integrity sha512-it2hYUSuYEwIRO6hjTWfe6gbGutF4Tuct7jxt3LiLE4wKFs6ku5FLNIRKtOL2jyH+Jdwt1ddbqKMX8inBM8RxA==
  dependencies:
    is-any-array "^0.0.3"

ml-array-min@^1.1.2:
  version "1.1.2"
  resolved "https://registry.yarnpkg.com/ml-array-min/-/ml-array-min-1.1.2.tgz#a084370fe78998a4131d566d066ee01bccce253a"
  integrity sha512-92QzvsyK7TxGz618pno6bu0LXYcRKssbimP85qRllk2xX5Z4gnVxlOmrMjSerUut9zzbt1eQB4byXNCwT0vgwA==
  dependencies:
    is-any-array "^0.0.3"

ml-array-normed@^1.0.3:
  version "1.0.3"
  resolved "https://registry.yarnpkg.com/ml-array-normed/-/ml-array-normed-1.0.3.tgz#1018a8d531c654366c6382662e39bead37bf7c21"
  integrity sha512-fctX9xF7rcAsKqzni6wpdUUGJis8WQofsIQ5LdVDEEbyOAsql1FRF3ixyBARYybZaq05WifOgvrz27zAU6KXMA==
  dependencies:
    ml-array-max "^1.1.2"
    ml-array-sum "^1.1.2"

ml-array-rescale@^1.2.2:
  version "1.2.2"
  resolved "https://registry.yarnpkg.com/ml-array-rescale/-/ml-array-rescale-1.2.2.tgz#288aefd3bef104be6bee72b18db90969d10262b6"
  integrity sha512-Ijo4LegOUIQjv231y8g2/n9vyKA/CczJz3pR+zZ0TeZrqEVRs1uW4AjpbkN/01QplTI46ranMJa51L0g3VbQEg==
  dependencies:
    is-any-array "^0.0.3"
    ml-array-max "^1.1.2"
    ml-array-min "^1.1.2"

ml-array-sum@^1.1.2:
  version "1.1.2"
  resolved "https://registry.yarnpkg.com/ml-array-sum/-/ml-array-sum-1.1.2.tgz#feb42c7845eacecbc0885eed4f1d710fe5d14570"
  integrity sha512-APM5IvAMuEF17BxTbaRT0nWqt6h5zjcJZDCIBPrX/YKCX32u1Rfb6E26qvGvAGusHOnyqNR7ZEzD8WMWGCRS/g==
  dependencies:
    is-any-array "^0.0.3"

ml-matrix@^6.1.2:
  version "6.4.1"
  resolved "https://registry.yarnpkg.com/ml-matrix/-/ml-matrix-6.4.1.tgz#388082df1584b34ffe14e26115dbc5f0f3312ff1"
  integrity sha512-YZ6lLRhk80B2zJSC0bKocnHbpxCdXFKWb6A7QTDztf5ob2qL1g/5AYNAuDtCQgbZtW1wwFZbjXbDgk/UdiO3Uw==
  dependencies:
    ml-array-rescale "^1.2.2"

ml-naivebayes@^4.0.0:
  version "4.0.0"
  resolved "https://registry.yarnpkg.com/ml-naivebayes/-/ml-naivebayes-4.0.0.tgz#b4eb8c426f336a13a28cc79f15ce3ef789a7cc89"
  integrity sha512-JInn0MFvu9xJ8mCB8sef/UYs6IS9wH5DvPj0Jmft3vJj7vdBtXR4SH+EbcoJLLU0IO1NcvIaAHWLwD/hRda2+Q==
  dependencies:
    ml-matrix "^6.1.2"
